
Microsoft Visual Studio Solution File, Format Version 12.00
# Visual Studio 15
VisualStudioVersion = 15.0.28307.329
MinimumVisualStudioVersion = 10.0.40219.1
Project("{FAE04EC0-301F-11D3-BF4B-00C04F79EFBC}") = "FacadeDesignPattern", "FacadeDesignPattern\FacadeDesignPattern.csproj", "{487D7960-2E0E-4377-9E56-4DBFA24E700D}"
EndProject
Global
	GlobalSection(SolutionConfigurationPlatforms) = preSolution
		Debug|Any CPU = Debug|Any CPU
		Release|Any CPU = Release|Any CPU
	EndGlobalSection
	GlobalSection(ProjectConfigurationPlatforms) = postSolution
		{487D7960-2E0E-4377-9E56-4DBFA24E700D}.Debug|Any CPU.ActiveCfg = Debug|Any CPU
		{487D7960-2E0E-4377-9E56-4DBFA24E700D}.Debug|Any CPU.Build.0 = Debug|Any CPU
		{487D7960-2E0E-4377-9E56-4DBFA24E700D}.Release|Any CPU.ActiveCfg = Release|Any CPU
		{487D7960-2E0E-4377-9E56-4DBFA24E700D}.Release|Any CPU.Build.0 = Release|Any CPU
	EndGlobalSection
	GlobalSection(SolutionProperties) = preSolution
		HideSolutionNode = FALSE
	EndGlobalSection
	GlobalSection(ExtensibilityGlobals) = postSolution
		SolutionGuid = {4CD2C522-2D1A-4422-BAD2-D93D56DCC250}
	EndGlobalSection
EndGlobal
