
Microsoft Visual Studio Solution File, Format Version 12.00
# Visual Studio Version 16
VisualStudioVersion = 16.0.29123.88
MinimumVisualStudioVersion = 10.0.40219.1
Project("{FAE04EC0-301F-11D3-BF4B-00C04F79EFBC}") = "FlyweightDesignPattern", "FlyweightDesignPattern\FlyweightDesignPattern.csproj", "{7E835D28-E074-4E16-998A-8A227A98607B}"
EndProject
Global
	GlobalSection(SolutionConfigurationPlatforms) = preSolution
		Debug|Any CPU = Debug|Any CPU
		Release|Any CPU = Release|Any CPU
	EndGlobalSection
	GlobalSection(ProjectConfigurationPlatforms) = postSolution
		{7E835D28-E074-4E16-998A-8A227A98607B}.Debug|Any CPU.ActiveCfg = Debug|Any CPU
		{7E835D28-E074-4E16-998A-8A227A98607B}.Debug|Any CPU.Build.0 = Debug|Any CPU
		{7E835D28-E074-4E16-998A-8A227A98607B}.Release|Any CPU.ActiveCfg = Release|Any CPU
		{7E835D28-E074-4E16-998A-8A227A98607B}.Release|Any CPU.Build.0 = Release|Any CPU
	EndGlobalSection
	GlobalSection(SolutionProperties) = preSolution
		HideSolutionNode = FALSE
	EndGlobalSection
	GlobalSection(ExtensibilityGlobals) = postSolution
		SolutionGuid = {D733F30C-651F-4A88-A079-A06C1F829E60}
	EndGlobalSection
EndGlobal
