
Microsoft Visual Studio Solution File, Format Version 12.00
# Visual Studio 15
VisualStudioVersion = 15.0.28307.329
MinimumVisualStudioVersion = 10.0.40219.1
Project("{FAE04EC0-301F-11D3-BF4B-00C04F79EFBC}") = "ObjectPoolDesignPattern", "ObjectPoolDesignPattern\ObjectPoolDesignPattern.csproj", "{FC223D2F-6A33-4025-A929-326DDB037ABA}"
EndProject
Global
	GlobalSection(SolutionConfigurationPlatforms) = preSolution
		Debug|Any CPU = Debug|Any CPU
		Release|Any CPU = Release|Any CPU
	EndGlobalSection
	GlobalSection(ProjectConfigurationPlatforms) = postSolution
		{FC223D2F-6A33-4025-A929-326DDB037ABA}.Debug|Any CPU.ActiveCfg = Debug|Any CPU
		{FC223D2F-6A33-4025-A929-326DDB037ABA}.Debug|Any CPU.Build.0 = Debug|Any CPU
		{FC223D2F-6A33-4025-A929-326DDB037ABA}.Release|Any CPU.ActiveCfg = Release|Any CPU
		{FC223D2F-6A33-4025-A929-326DDB037ABA}.Release|Any CPU.Build.0 = Release|Any CPU
	EndGlobalSection
	GlobalSection(SolutionProperties) = preSolution
		HideSolutionNode = FALSE
	EndGlobalSection
	GlobalSection(ExtensibilityGlobals) = postSolution
		SolutionGuid = {2C2AEEEF-D036-4127-80D9-016B1A83E49E}
	EndGlobalSection
EndGlobal
