
Microsoft Visual Studio Solution File, Format Version 12.00
# Visual Studio 15
VisualStudioVersion = 15.0.28307.329
MinimumVisualStudioVersion = 10.0.40219.1
Project("{FAE04EC0-301F-11D3-BF4B-00C04F79EFBC}") = "StrategyDesignPattern", "StrategyDesignPattern\StrategyDesignPattern.csproj", "{07C39BAF-695D-4C6F-A7FA-31044BD5454A}"
EndProject
Global
	GlobalSection(SolutionConfigurationPlatforms) = preSolution
		Debug|Any CPU = Debug|Any CPU
		Release|Any CPU = Release|Any CPU
	EndGlobalSection
	GlobalSection(ProjectConfigurationPlatforms) = postSolution
		{07C39BAF-695D-4C6F-A7FA-31044BD5454A}.Debug|Any CPU.ActiveCfg = Debug|Any CPU
		{07C39BAF-695D-4C6F-A7FA-31044BD5454A}.Debug|Any CPU.Build.0 = Debug|Any CPU
		{07C39BAF-695D-4C6F-A7FA-31044BD5454A}.Release|Any CPU.ActiveCfg = Release|Any CPU
		{07C39BAF-695D-4C6F-A7FA-31044BD5454A}.Release|Any CPU.Build.0 = Release|Any CPU
	EndGlobalSection
	GlobalSection(SolutionProperties) = preSolution
		HideSolutionNode = FALSE
	EndGlobalSection
	GlobalSection(ExtensibilityGlobals) = postSolution
		SolutionGuid = {77CD1BA1-1DD8-494D-9330-A39B8AC107ED}
	EndGlobalSection
EndGlobal
